// !$*UTF8*$!
{
	archiveVersion = 1;
	classes = {
	};
	objectVersion = 46;
	objects = {

/* Begin PBXBuildFile section */
		A430B0AA196D35AD009E36F1 /* Foundation.framework in Frameworks */ = {isa = PBXBuildFile; fileRef = A430B0A9196D35AD009E36F1 /* Foundation.framework */; };
		A430B0AC196D35AD009E36F1 /* CoreGraphics.framework in Frameworks */ = {isa = PBXBuildFile; fileRef = A430B0AB196D35AD009E36F1 /* CoreGraphics.framework */; };
		A430B0AE196D35AD009E36F1 /* UIKit.framework in Frameworks */ = {isa = PBXBuildFile; fileRef = A430B0AD196D35AD009E36F1 /* UIKit.framework */; };
		A430B0B0196D35AD009E36F1 /* CoreData.framework in Frameworks */ = {isa = PBXBuildFile; fileRef = A430B0AF196D35AD009E36F1 /* CoreData.framework */; };
		A430B0B6196D35AD009E36F1 /* InfoPlist.strings in Resources */ = {isa = PBXBuildFile; fileRef = A430B0B4196D35AD009E36F1 /* InfoPlist.strings */; };
		A430B0B8196D35AD009E36F1 /* main.m in Sources */ = {isa = PBXBuildFile; fileRef = A430B0B7196D35AD009E36F1 /* main.m */; };
		A430B0BC196D35AD009E36F1 /* SMHAppDelegate.m in Sources */ = {isa = PBXBuildFile; fileRef = A430B0BB196D35AD009E36F1 /* SMHAppDelegate.m */; };
		A430B0BF196D35AD009E36F1 /* smh20140709.xcdatamodeld in Sources */ = {isa = PBXBuildFile; fileRef = A430B0BD196D35AD009E36F1 /* smh20140709.xcdatamodeld */; };
		A430B0C1196D35AD009E36F1 /* Images.xcassets in Resources */ = {isa = PBXBuildFile; fileRef = A430B0C0196D35AD009E36F1 /* Images.xcassets */; };
		A430B0C8196D35AD009E36F1 /* XCTest.framework in Frameworks */ = {isa = PBXBuildFile; fileRef = A430B0C7196D35AD009E36F1 /* XCTest.framework */; };
		A430B0C9196D35AD009E36F1 /* Foundation.framework in Frameworks */ = {isa = PBXBuildFile; fileRef = A430B0A9196D35AD009E36F1 /* Foundation.framework */; };
		A430B0CA196D35AD009E36F1 /* UIKit.framework in Frameworks */ = {isa = PBXBuildFile; fileRef = A430B0AD196D35AD009E36F1 /* UIKit.framework */; };
		A430B0CB196D35AD009E36F1 /* CoreData.framework in Frameworks */ = {isa = PBXBuildFile; fileRef = A430B0AF196D35AD009E36F1 /* CoreData.framework */; };
		A430B0D3196D35AD009E36F1 /* InfoPlist.strings in Resources */ = {isa = PBXBuildFile; fileRef = A430B0D1196D35AD009E36F1 /* InfoPlist.strings */; };
		A430B0D5196D35AD009E36F1 /* smh20140709Tests.m in Sources */ = {isa = PBXBuildFile; fileRef = A430B0D4196D35AD009E36F1 /* smh20140709Tests.m */; };
/* End PBXBuildFile section */

/* Begin PBXContainerItemProxy section */
		A430B0CC196D35AD009E36F1 /* PBXContainerItemProxy */ = {
			isa = PBXContainerItemProxy;
			containerPortal = A430B09E196D35AD009E36F1 /* Project object */;
			proxyType = 1;
			remoteGlobalIDString = A430B0A5196D35AD009E36F1;
			remoteInfo = smh20140709;
		};
/* End PBXContainerItemProxy section */

/* Begin PBXFileReference section */
		A430B0A6196D35AD009E36F1 /* smh20140709.app */ = {isa = PBXFileReference; explicitFileType = wrapper.application; includeInIndex = 0; path = smh20140709.app; sourceTree = BUILT_PRODUCTS_DIR; };
		A430B0A9196D35AD009E36F1 /* Foundation.framework */ = {isa = PBXFileReference; lastKnownFileType = wrapper.framework; name = Foundation.framework; path = System/Library/Frameworks/Foundation.framework; sourceTree = SDKROOT; };
		A430B0AB196D35AD009E36F1 /* CoreGraphics.framework */ = {isa = PBXFileReference; lastKnownFileType = wrapper.framework; name = CoreGraphics.framework; path = System/Library/Frameworks/CoreGraphics.framework; sourceTree = SDKROOT; };
		A430B0AD196D35AD009E36F1 /* UIKit.framework */ = {isa = PBXFileReference; lastKnownFileType = wrapper.framework; name = UIKit.framework; path = System/Library/Frameworks/UIKit.framework; sourceTree = SDKROOT; };
		A430B0AF196D35AD009E36F1 /* CoreData.framework */ = {isa = PBXFileReference; lastKnownFileType = wrapper.framework; name = CoreData.framework; path = System/Library/Frameworks/CoreData.framework; sourceTree = SDKROOT; };
		A430B0B3196D35AD009E36F1 /* smh20140709-Info.plist */ = {isa = PBXFileReference; lastKnownFileType = text.plist.xml; path = "smh20140709-Info.plist"; sourceTree = "<group>"; };
		A430B0B5196D35AD009E36F1 /* en */ = {isa = PBXFileReference; lastKnownFileType = text.plist.strings; name = en; path = en.lproj/InfoPlist.strings; sourceTree = "<group>"; };
		A430B0B7196D35AD009E36F1 /* main.m */ = {isa = PBXFileReference; lastKnownFileType = sourcecode.c.objc; path = main.m; sourceTree = "<group>"; };
		A430B0B9196D35AD009E36F1 /* smh20140709-Prefix.pch */ = {isa = PBXFileReference; lastKnownFileType = sourcecode.c.h; path = "smh20140709-Prefix.pch"; sourceTree = "<group>"; };
		A430B0BA196D35AD009E36F1 /* SMHAppDelegate.h */ = {isa = PBXFileReference; lastKnownFileType = sourcecode.c.h; path = SMHAppDelegate.h; sourceTree = "<group>"; };
		A430B0BB196D35AD009E36F1 /* SMHAppDelegate.m */ = {isa = PBXFileReference; lastKnownFileType = sourcecode.c.objc; path = SMHAppDelegate.m; sourceTree = "<group>"; };
		A430B0BE196D35AD009E36F1 /* smh20140709.xcdatamodel */ = {isa = PBXFileReference; lastKnownFileType = wrapper.xcdatamodel; path = smh20140709.xcdatamodel; sourceTree = "<group>"; };
		A430B0C0196D35AD009E36F1 /* Images.xcassets */ = {isa = PBXFileReference; lastKnownFileType = folder.assetcatalog; path = Images.xcassets; sourceTree = "<group>"; };
		A430B0C6196D35AD009E36F1 /* smh20140709Tests.xctest */ = {isa = PBXFileReference; explicitFileType = wrapper.cfbundle; includeInIndex = 0; path = smh20140709Tests.xctest; sourceTree = BUILT_PRODUCTS_DIR; };
		A430B0C7196D35AD009E36F1 /* XCTest.framework */ = {isa = PBXFileReference; lastKnownFileType = wrapper.framework; name = XCTest.framework; path = Library/Frameworks/XCTest.framework; sourceTree = DEVELOPER_DIR; };
		A430B0D0196D35AD009E36F1 /* smh20140709Tests-Info.plist */ = {isa = PBXFileReference; lastKnownFileType = text.plist.xml; path = "smh20140709Tests-Info.plist"; sourceTree = "<group>"; };
		A430B0D2196D35AD009E36F1 /* en */ = {isa = PBXFileReference; lastKnownFileType = text.plist.strings; name = en; path = en.lproj/InfoPlist.strings; sourceTree = "<group>"; };
		A430B0D4196D35AD009E36F1 /* smh20140709Tests.m */ = {isa = PBXFileReference; lastKnownFileType = sourcecode.c.objc; path = smh20140709Tests.m; sourceTree = "<group>"; };
/* End PBXFileReference section */

/* Begin PBXFrameworksBuildPhase section */
		A430B0A3196D35AD009E36F1 /* Frameworks */ = {
			isa = PBXFrameworksBuildPhase;
			buildActionMask = 2147483647;
			files = (
				A430B0AC196D35AD009E36F1 /* CoreGraphics.framework in Frameworks */,
				A430B0B0196D35AD009E36F1 /* CoreData.framework in Frameworks */,
				A430B0AE196D35AD009E36F1 /* UIKit.framework in Frameworks */,
				A430B0AA196D35AD009E36F1 /* Foundation.framework in Frameworks */,
			);
			runOnlyForDeploymentPostprocessing = 0;
		};
		A430B0C3196D35AD009E36F1 /* Frameworks */ = {
			isa = PBXFrameworksBuildPhase;
			buildActionMask = 2147483647;
			files = (
				A430B0C8196D35AD009E36F1 /* XCTest.framework in Frameworks */,
				A430B0CB196D35AD009E36F1 /* CoreData.framework in Frameworks */,
				A430B0CA196D35AD009E36F1 /* UIKit.framework in Frameworks */,
				A430B0C9196D35AD009E36F1 /* Foundation.framework in Frameworks */,
			);
			runOnlyForDeploymentPostprocessing = 0;
		};
/* End PBXFrameworksBuildPhase section */

/* Begin PBXGroup section */
		A430B09D196D35AD009E36F1 = {
			isa = PBXGroup;
			children = (
				A430B0B1196D35AD009E36F1 /* smh20140709 */,
				A430B0CE196D35AD009E36F1 /* smh20140709Tests */,
				A430B0A8196D35AD009E36F1 /* Frameworks */,
				A430B0A7196D35AD009E36F1 /* Products */,
			);
			sourceTree = "<group>";
		};
		A430B0A7196D35AD009E36F1 /* Products */ = {
			isa = PBXGroup;
			children = (
				A430B0A6196D35AD009E36F1 /* smh20140709.app */,
				A430B0C6196D35AD009E36F1 /* smh20140709Tests.xctest */,
			);
			name = Products;
			sourceTree = "<group>";
		};
		A430B0A8196D35AD009E36F1 /* Frameworks */ = {
			isa = PBXGroup;
			children = (
				A430B0A9196D35AD009E36F1 /* Foundation.framework */,
				A430B0AB196D35AD009E36F1 /* CoreGraphics.framework */,
				A430B0AD196D35AD009E36F1 /* UIKit.framework */,
				A430B0AF196D35AD009E36F1 /* CoreData.framework */,
				A430B0C7196D35AD009E36F1 /* XCTest.framework */,
			);
			name = Frameworks;
			sourceTree = "<group>";
		};
		A430B0B1196D35AD009E36F1 /* smh20140709 */ = {
			isa = PBXGroup;
			children = (
				A430B0BA196D35AD009E36F1 /* SMHAppDelegate.h */,
				A430B0BB196D35AD009E36F1 /* SMHAppDelegate.m */,
				A430B0C0196D35AD009E36F1 /* Images.xcassets */,
				A430B0BD196D35AD009E36F1 /* smh20140709.xcdatamodeld */,
				A430B0B2196D35AD009E36F1 /* Supporting Files */,
			);
			path = smh20140709;
			sourceTree = "<group>";
		};
		A430B0B2196D35AD009E36F1 /* Supporting Files */ = {
			isa = PBXGroup;
			children = (
				A430B0B3196D35AD009E36F1 /* smh20140709-Info.plist */,
				A430B0B4196D35AD009E36F1 /* InfoPlist.strings */,
				A430B0B7196D35AD009E36F1 /* main.m */,
				A430B0B9196D35AD009E36F1 /* smh20140709-Prefix.pch */,
			);
			name = "Supporting Files";
			sourceTree = "<group>";
		};
		A430B0CE196D35AD009E36F1 /* smh20140709Tests */ = {
			isa = PBXGroup;
			children = (
				A430B0D4196D35AD009E36F1 /* smh20140709Tests.m */,
				A430B0CF196D35AD009E36F1 /* Supporting Files */,
			);
			path = smh20140709Tests;
			sourceTree = "<group>";
		};
		A430B0CF196D35AD009E36F1 /* Supporting Files */ = {
			isa = PBXGroup;
			children = (
				A430B0D0196D35AD009E36F1 /* smh20140709Tests-Info.plist */,
				A430B0D1196D35AD009E36F1 /* InfoPlist.strings */,
			);
			name = "Supporting Files";
			sourceTree = "<group>";
		};
/* End PBXGroup section */

/* Begin PBXNativeTarget section */
		A430B0A5196D35AD009E36F1 /* smh20140709 */ = {
			isa = PBXNativeTarget;
			buildConfigurationList = A430B0D8196D35AD009E36F1 /* Build configuration list for PBXNativeTarget "smh20140709" */;
			buildPhases = (
				A430B0A2196D35AD009E36F1 /* Sources */,
				A430B0A3196D35AD009E36F1 /* Frameworks */,
				A430B0A4196D35AD009E36F1 /* Resources */,
			);
			buildRules = (
			);
			dependencies = (
			);
			name = smh20140709;
			productName = smh20140709;
			productReference = A430B0A6196D35AD009E36F1 /* smh20140709.app */;
			productType = "com.apple.product-type.application";
		};
		A430B0C5196D35AD009E36F1 /* smh20140709Tests */ = {
			isa = PBXNativeTarget;
			buildConfigurationList = A430B0DB196D35AD009E36F1 /* Build configuration list for PBXNativeTarget "smh20140709Tests" */;
			buildPhases = (
				A430B0C2196D35AD009E36F1 /* Sources */,
				A430B0C3196D35AD009E36F1 /* Frameworks */,
				A430B0C4196D35AD009E36F1 /* Resources */,
			);
			buildRules = (
			);
			dependencies = (
				A430B0CD196D35AD009E36F1 /* PBXTargetDependency */,
			);
			name = smh20140709Tests;
			productName = smh20140709Tests;
			productReference = A430B0C6196D35AD009E36F1 /* smh20140709Tests.xctest */;
			productType = "com.apple.product-type.bundle.unit-test";
		};
/* End PBXNativeTarget section */

/* Begin PBXProject section */
		A430B09E196D35AD009E36F1 /* Project object */ = {
			isa = PBXProject;
			attributes = {
				CLASSPREFIX = SMH;
				LastUpgradeCheck = 0510;
				ORGANIZATIONNAME = smh20140704;
				TargetAttributes = {
					A430B0C5196D35AD009E36F1 = {
						TestTargetID = A430B0A5196D35AD009E36F1;
					};
				};
			};
			buildConfigurationList = A430B0A1196D35AD009E36F1 /* Build configuration list for PBXProject "smh20140709" */;
			compatibilityVersion = "Xcode 3.2";
			developmentRegion = English;
			hasScannedForEncodings = 0;
			knownRegions = (
				en,
			);
			mainGroup = A430B09D196D35AD009E36F1;
			productRefGroup = A430B0A7196D35AD009E36F1 /* Products */;
			projectDirPath = "";
			projectRoot = "";
			targets = (
				A430B0A5196D35AD009E36F1 /* smh20140709 */,
				A430B0C5196D35AD009E36F1 /* smh20140709Tests */,
			);
		};
/* End PBXProject section */

/* Begin PBXResourcesBuildPhase section */
		A430B0A4196D35AD009E36F1 /* Resources */ = {
			isa = PBXResourcesBuildPhase;
			buildActionMask = 2147483647;
			files = (
				A430B0B6196D35AD009E36F1 /* InfoPlist.strings in Resources */,
				A430B0C1196D35AD009E36F1 /* Images.xcassets in Resources */,
			);
			runOnlyForDeploymentPostprocessing = 0;
		};
		A430B0C4196D35AD009E36F1 /* Resources */ = {
			isa = PBXResourcesBuildPhase;
			buildActionMask = 2147483647;
			files = (
				A430B0D3196D35AD009E36F1 /* InfoPlist.strings in Resources */,
			);
			runOnlyForDeploymentPostprocessing = 0;
		};
/* End PBXResourcesBuildPhase section */

/* Begin PBXSourcesBuildPhase section */
		A430B0A2196D35AD009E36F1 /* Sources */ = {
			isa = PBXSourcesBuildPhase;
			buildActionMask = 2147483647;
			files = (
				A430B0BF196D35AD009E36F1 /* smh20140709.xcdatamodeld in Sources */,
				A430B0B8196D35AD009E36F1 /* main.m in Sources */,
				A430B0BC196D35AD009E36F1 /* SMHAppDelegate.m in Sources */,
			);
			runOnlyForDeploymentPostprocessing = 0;
		};
		A430B0C2196D35AD009E36F1 /* Sources */ = {
			isa = PBXSourcesBuildPhase;
			buildActionMask = 2147483647;
			files = (
				A430B0D5196D35AD009E36F1 /* smh20140709Tests.m in Sources */,
			);
			runOnlyForDeploymentPostprocessing = 0;
		};
/* End PBXSourcesBuildPhase section */

/* Begin PBXTargetDependency section */
		A430B0CD196D35AD009E36F1 /* PBXTargetDependency */ = {
			isa = PBXTargetDependency;
			target = A430B0A5196D35AD009E36F1 /* smh20140709 */;
			targetProxy = A430B0CC196D35AD009E36F1 /* PBXContainerItemProxy */;
		};
/* End PBXTargetDependency section */

/* Begin PBXVariantGroup section */
		A430B0B4196D35AD009E36F1 /* InfoPlist.strings */ = {
			isa = PBXVariantGroup;
			children = (
				A430B0B5196D35AD009E36F1 /* en */,
			);
			name = InfoPlist.strings;
			sourceTree = "<group>";
		};
		A430B0D1196D35AD009E36F1 /* InfoPlist.strings */ = {
			isa = PBXVariantGroup;
			children = (
				A430B0D2196D35AD009E36F1 /* en */,
			);
			name = InfoPlist.strings;
			sourceTree = "<group>";
		};
/* End PBXVariantGroup section */

/* Begin XCBuildConfiguration section */
		A430B0D6196D35AD009E36F1 /* Debug */ = {
			isa = XCBuildConfiguration;
			buildSettings = {
				ALWAYS_SEARCH_USER_PATHS = NO;
				CLANG_CXX_LANGUAGE_STANDARD = "gnu++0x";
				CLANG_CXX_LIBRARY = "libc++";
				CLANG_ENABLE_MODULES = YES;
				CLANG_ENABLE_OBJC_ARC = YES;
				CLANG_WARN_BOOL_CONVERSION = YES;
				CLANG_WARN_CONSTANT_CONVERSION = YES;
				CLANG_WARN_DIRECT_OBJC_ISA_USAGE = YES_ERROR;
				CLANG_WARN_EMPTY_BODY = YES;
				CLANG_WARN_ENUM_CONVERSION = YES;
				CLANG_WARN_INT_CONVERSION = YES;
				CLANG_WARN_OBJC_ROOT_CLASS = YES_ERROR;
				CLANG_WARN__DUPLICATE_METHOD_MATCH = YES;
				"CODE_SIGN_IDENTITY[sdk=iphoneos*]" = "iPhone Developer";
				COPY_PHASE_STRIP = NO;
				GCC_C_LANGUAGE_STANDARD = gnu99;
				GCC_DYNAMIC_NO_PIC = NO;
				GCC_OPTIMIZATION_LEVEL = 0;
				GCC_PREPROCESSOR_DEFINITIONS = (
					"DEBUG=1",
					"$(inherited)",
				);
				GCC_SYMBOLS_PRIVATE_EXTERN = NO;
				GCC_WARN_64_TO_32_BIT_CONVERSION = YES;
				GCC_WARN_ABOUT_RETURN_TYPE = YES_ERROR;
				GCC_WARN_UNDECLARED_SELECTOR = YES;
				GCC_WARN_UNINITIALIZED_AUTOS = YES_AGGRESSIVE;
				GCC_WARN_UNUSED_FUNCTION = YES;
				GCC_WARN_UNUSED_VARIABLE = YES;
				IPHONEOS_DEPLOYMENT_TARGET = 7.1;
				ONLY_ACTIVE_ARCH = YES;
				SDKROOT = iphoneos;
				TARGETED_DEVICE_FAMILY = "1,2";
			};
			name = Debug;
		};
		A430B0D7196D35AD009E36F1 /* Release */ = {
			isa = XCBuildConfiguration;
			buildSettings = {
				ALWAYS_SEARCH_USER_PATHS = NO;
				CLANG_CXX_LANGUAGE_STANDARD = "gnu++0x";
				CLANG_CXX_LIBRARY = "libc++";
				CLANG_ENABLE_MODULES = YES;
				CLANG_ENABLE_OBJC_ARC = YES;
				CLANG_WARN_BOOL_CONVERSION = YES;
				CLANG_WARN_CONSTANT_CONVERSION = YES;
				CLANG_WARN_DIRECT_OBJC_ISA_USAGE = YES_ERROR;
				CLANG_WARN_EMPTY_BODY = YES;
				CLANG_WARN_ENUM_CONVERSION = YES;
				CLANG_WARN_INT_CONVERSION = YES;
				CLANG_WARN_OBJC_ROOT_CLASS = YES_ERROR;
				CLANG_WARN__DUPLICATE_METHOD_MATCH = YES;
				"CODE_SIGN_IDENTITY[sdk=iphoneos*]" = "iPhone Developer";
				COPY_PHASE_STRIP = YES;
				ENABLE_NS_ASSERTIONS = NO;
				GCC_C_LANGUAGE_STANDARD = gnu99;
				GCC_WARN_64_TO_32_BIT_CONVERSION = YES;
				GCC_WARN_ABOUT_RETURN_TYPE = YES_ERROR;
				GCC_WARN_UNDECLARED_SELECTOR = YES;
				GCC_WARN_UNINITIALIZED_AUTOS = YES_AGGRESSIVE;
				GCC_WARN_UNUSED_FUNCTION = YES;
				GCC_WARN_UNUSED_VARIABLE = YES;
				IPHONEOS_DEPLOYMENT_TARGET = 7.1;
				SDKROOT = iphoneos;
				TARGETED_DEVICE_FAMILY = "1,2";
				VALIDATE_PRODUCT = YES;
			};
			name = Release;
		};
		A430B0D9196D35AD009E36F1 /* Debug */ = {
			isa = XCBuildConfiguration;
			buildSettings = {
				ASSETCATALOG_COMPILER_APPICON_NAME = AppIcon;
				ASSETCATALOG_COMPILER_LAUNCHIMAGE_NAME = LaunchImage;
				GCC_PRECOMPILE_PREFIX_HEADER = YES;
				GCC_PREFIX_HEADER = "smh20140709/smh20140709-Prefix.pch";
				INFOPLIST_FILE = "smh20140709/smh20140709-Info.plist";
				PRODUCT_NAME = "$(TARGET_NAME)";
				WRAPPER_EXTENSION = app;
			};
			name = Debug;
		};
		A430B0DA196D35AD009E36F1 /* Release */ = {
			isa = XCBuildConfiguration;
			buildSettings = {
				ASSETCATALOG_COMPILER_APPICON_NAME = AppIcon;
				ASSETCATALOG_COMPILER_LAUNCHIMAGE_NAME = LaunchImage;
				GCC_PRECOMPILE_PREFIX_HEADER = YES;
				GCC_PREFIX_HEADER = "smh20140709/smh20140709-Prefix.pch";
				INFOPLIST_FILE = "smh20140709/smh20140709-Info.plist";
				PRODUCT_NAME = "$(TARGET_NAME)";
				WRAPPER_EXTENSION = app;
			};
			name = Release;
		};
		A430B0DC196D35AD009E36F1 /* Debug */ = {
			isa = XCBuildConfiguration;
			buildSettings = {
				BUNDLE_LOADER = "$(BUILT_PRODUCTS_DIR)/smh20140709.app/smh20140709";
				FRAMEWORK_SEARCH_PATHS = (
					"$(SDKROOT)/Developer/Library/Frameworks",
					"$(inherited)",
					"$(DEVELOPER_FRAMEWORKS_DIR)",
				);
				GCC_PRECOMPILE_PREFIX_HEADER = YES;
				GCC_PREFIX_HEADER = "smh20140709/smh20140709-Prefix.pch";
				GCC_PREPROCESSOR_DEFINITIONS = (
					"DEBUG=1",
					"$(inherited)",
				);
				INFOPLIST_FILE = "smh20140709Tests/smh20140709Tests-Info.plist";
				PRODUCT_NAME = "$(TARGET_NAME)";
				TEST_HOST = "$(BUNDLE_LOADER)";
				WRAPPER_EXTENSION = xctest;
			};
			name = Debug;
		};
		A430B0DD196D35AD009E36F1 /* Release */ = {
			isa = XCBuildConfiguration;
			buildSettings = {
				BUNDLE_LOADER = "$(BUILT_PRODUCTS_DIR)/smh20140709.app/smh20140709";
				FRAMEWORK_SEARCH_PATHS = (
					"$(SDKROOT)/Developer/Library/Frameworks",
					"$(inherited)",
					"$(DEVELOPER_FRAMEWORKS_DIR)",
				);
				GCC_PRECOMPILE_PREFIX_HEADER = YES;
				GCC_PREFIX_HEADER = "smh20140709/smh20140709-Prefix.pch";
				INFOPLIST_FILE = "smh20140709Tests/smh20140709Tests-Info.plist";
				PRODUCT_NAME = "$(TARGET_NAME)";
				TEST_HOST = "$(BUNDLE_LOADER)";
				WRAPPER_EXTENSION = xctest;
			};
			name = Release;
		};
/* End XCBuildConfiguration section */

/* Begin XCConfigurationList section */
		A430B0A1196D35AD009E36F1 /* Build configuration list for PBXProject "smh20140709" */ = {
			isa = XCConfigurationList;
			buildConfigurations = (
				A430B0D6196D35AD009E36F1 /* Debug */,
				A430B0D7196D35AD009E36F1 /* Release */,
			);
			defaultConfigurationIsVisible = 0;
			defaultConfigurationName = Release;
		};
		A430B0D8196D35AD009E36F1 /* Build configuration list for PBXNativeTarget "smh20140709" */ = {
			isa = XCConfigurationList;
			buildConfigurations = (
				A430B0D9196D35AD009E36F1 /* Debug */,
				A430B0DA196D35AD009E36F1 /* Release */,
			);
			defaultConfigurationIsVisible = 0;
		};
		A430B0DB196D35AD009E36F1 /* Build configuration list for PBXNativeTarget "smh20140709Tests" */ = {
			isa = XCConfigurationList;
			buildConfigurations = (
				A430B0DC196D35AD009E36F1 /* Debug */,
				A430B0DD196D35AD009E36F1 /* Release */,
			);
			defaultConfigurationIsVisible = 0;
		};
/* End XCConfigurationList section */

/* Begin XCVersionGroup section */
		A430B0BD196D35AD009E36F1 /* smh20140709.xcdatamodeld */ = {
			isa = XCVersionGroup;
			children = (
				A430B0BE196D35AD009E36F1 /* smh20140709.xcdatamodel */,
			);
			currentVersion = A430B0BE196D35AD009E36F1 /* smh20140709.xcdatamodel */;
			path = smh20140709.xcdatamodeld;
			sourceTree = "<group>";
			versionGroupType = wrapper.xcdatamodel;
		};
/* End XCVersionGroup section */
	};
	rootObject = A430B09E196D35AD009E36F1 /* Project object */;
}
